// !$*UTF8*$!
{
	archiveVersion = 1;
	classes = {
	};
	objectVersion = 50;
	objects = {

/* Begin PBXBuildFile section */
		1160251624F44C6700FD079D /* RegisterVC.swift in Sources */ = {isa = PBXBuildFile; fileRef = 1160251524F44C6700FD079D /* RegisterVC.swift */; };
		1160251824F44C7700FD079D /* LoginVC.swift in Sources */ = {isa = PBXBuildFile; fileRef = 1160251724F44C7700FD079D /* LoginVC.swift */; };
		1160251A24F44C8600FD079D /* ChatVC.swift in Sources */ = {isa = PBXBuildFile; fileRef = 1160251924F44C8600FD079D /* ChatVC.swift */; };
		116EB30224F41BAE00EE3465 /* AppDelegate.swift in Sources */ = {isa = PBXBuildFile; fileRef = 116EB30124F41BAE00EE3465 /* AppDelegate.swift */; };
		116EB30424F41BAE00EE3465 /* SceneDelegate.swift in Sources */ = {isa = PBXBuildFile; fileRef = 116EB30324F41BAE00EE3465 /* SceneDelegate.swift */; };
		116EB30624F41BAE00EE3465 /* WelcomeVC.swift in Sources */ = {isa = PBXBuildFile; fileRef = 116EB30524F41BAE00EE3465 /* WelcomeVC.swift */; };
		116EB30924F41BAE00EE3465 /* Main.storyboard in Resources */ = {isa = PBXBuildFile; fileRef = 116EB30724F41BAE00EE3465 /* Main.storyboard */; };
		116EB30B24F41BB200EE3465 /* Assets.xcassets in Resources */ = {isa = PBXBuildFile; fileRef = 116EB30A24F41BB200EE3465 /* Assets.xcassets */; };
		116EB30E24F41BB200EE3465 /* LaunchScreen.storyboard in Resources */ = {isa = PBXBuildFile; fileRef = 116EB30C24F41BB200EE3465 /* LaunchScreen.storyboard */; };
		116EB31624F41DFA00EE3465 /* _fonts in Resources */ = {isa = PBXBuildFile; fileRef = 116EB31524F41DFA00EE3465 /* _fonts */; };
		116EB31824F4333800EE3465 /* RoundedButton.swift in Sources */ = {isa = PBXBuildFile; fileRef = 116EB31724F4333800EE3465 /* RoundedButton.swift */; };
		5CBDDF8020C900F006F12CB6 /* Pods_QuickChat.framework in Frameworks */ = {isa = PBXBuildFile; fileRef = A3219FB6ED47B8B180698A61 /* Pods_QuickChat.framework */; };
/* End PBXBuildFile section */

/* Begin PBXFileReference section */
		1160251524F44C6700FD079D /* RegisterVC.swift */ = {isa = PBXFileReference; lastKnownFileType = sourcecode.swift; path = RegisterVC.swift; sourceTree = "<group>"; };
		1160251724F44C7700FD079D /* LoginVC.swift */ = {isa = PBXFileReference; lastKnownFileType = sourcecode.swift; path = LoginVC.swift; sourceTree = "<group>"; };
		1160251924F44C8600FD079D /* ChatVC.swift */ = {isa = PBXFileReference; lastKnownFileType = sourcecode.swift; path = ChatVC.swift; sourceTree = "<group>"; };
		116EB2FE24F41BAE00EE3465 /* QuickChat.app */ = {isa = PBXFileReference; explicitFileType = wrapper.application; includeInIndex = 0; path = QuickChat.app; sourceTree = BUILT_PRODUCTS_DIR; };
		116EB30124F41BAE00EE3465 /* AppDelegate.swift */ = {isa = PBXFileReference; lastKnownFileType = sourcecode.swift; path = AppDelegate.swift; sourceTree = "<group>"; };
		116EB30324F41BAE00EE3465 /* SceneDelegate.swift */ = {isa = PBXFileReference; lastKnownFileType = sourcecode.swift; path = SceneDelegate.swift; sourceTree = "<group>"; };
		116EB30524F41BAE00EE3465 /* WelcomeVC.swift */ = {isa = PBXFileReference; lastKnownFileType = sourcecode.swift; path = WelcomeVC.swift; sourceTree = "<group>"; };
		116EB30824F41BAE00EE3465 /* Base */ = {isa = PBXFileReference; lastKnownFileType = file.storyboard; name = Base; path = Base.lproj/Main.storyboard; sourceTree = "<group>"; };
		116EB30A24F41BB200EE3465 /* Assets.xcassets */ = {isa = PBXFileReference; lastKnownFileType = folder.assetcatalog; path = Assets.xcassets; sourceTree = "<group>"; };
		116EB30D24F41BB200EE3465 /* Base */ = {isa = PBXFileReference; lastKnownFileType = file.storyboard; name = Base; path = Base.lproj/LaunchScreen.storyboard; sourceTree = "<group>"; };
		116EB30F24F41BB200EE3465 /* Info.plist */ = {isa = PBXFileReference; lastKnownFileType = text.plist.xml; path = Info.plist; sourceTree = "<group>"; };
		116EB31524F41DFA00EE3465 /* _fonts */ = {isa = PBXFileReference; lastKnownFileType = folder; path = _fonts; sourceTree = "<group>"; };
		116EB31724F4333800EE3465 /* RoundedButton.swift */ = {isa = PBXFileReference; lastKnownFileType = sourcecode.swift; path = RoundedButton.swift; sourceTree = "<group>"; };
		240747936C63AE76E75E826A /* Pods-QuickChat.release.xcconfig */ = {isa = PBXFileReference; includeInIndex = 1; lastKnownFileType = text.xcconfig; name = "Pods-QuickChat.release.xcconfig"; path = "Target Support Files/Pods-QuickChat/Pods-QuickChat.release.xcconfig"; sourceTree = "<group>"; };
		4792BA599F44DF617D264BDB /* Pods-QuickChat.debug.xcconfig */ = {isa = PBXFileReference; includeInIndex = 1; lastKnownFileType = text.xcconfig; name = "Pods-QuickChat.debug.xcconfig"; path = "Target Support Files/Pods-QuickChat/Pods-QuickChat.debug.xcconfig"; sourceTree = "<group>"; };
		A3219FB6ED47B8B180698A61 /* Pods_QuickChat.framework */ = {isa = PBXFileReference; explicitFileType = wrapper.framework; includeInIndex = 0; path = Pods_QuickChat.framework; sourceTree = BUILT_PRODUCTS_DIR; };
/* End PBXFileReference section */

/* Begin PBXFrameworksBuildPhase section */
		116EB2FB24F41BAE00EE3465 /* Frameworks */ = {
			isa = PBXFrameworksBuildPhase;
			buildActionMask = 2147483647;
			files = (
				5CBDDF8020C900F006F12CB6 /* Pods_QuickChat.framework in Frameworks */,
			);
			runOnlyForDeploymentPostprocessing = 0;
		};
/* End PBXFrameworksBuildPhase section */

/* Begin PBXGroup section */
		116EB2F524F41BAE00EE3465 = {
			isa = PBXGroup;
			children = (
				116EB30024F41BAE00EE3465 /* QuickChat */,
				116EB2FF24F41BAE00EE3465 /* Products */,
				648640FB777DA063AF386525 /* Pods */,
				CD35F3E670B95904BF30485A /* Frameworks */,
			);
			sourceTree = "<group>";
		};
		116EB2FF24F41BAE00EE3465 /* Products */ = {
			isa = PBXGroup;
			children = (
				116EB2FE24F41BAE00EE3465 /* QuickChat.app */,
			);
			name = Products;
			sourceTree = "<group>";
		};
		116EB30024F41BAE00EE3465 /* QuickChat */ = {
			isa = PBXGroup;
			children = (
				116EB31A24F44B8F00EE3465 /* Models */,
				116EB31B24F44B9500EE3465 /* Views */,
				116EB31924F44B8600EE3465 /* Controllers */,
				116EB30124F41BAE00EE3465 /* AppDelegate.swift */,
				116EB30324F41BAE00EE3465 /* SceneDelegate.swift */,
				116EB30724F41BAE00EE3465 /* Main.storyboard */,
				116EB30A24F41BB200EE3465 /* Assets.xcassets */,
				116EB31524F41DFA00EE3465 /* _fonts */,
				116EB30C24F41BB200EE3465 /* LaunchScreen.storyboard */,
				116EB30F24F41BB200EE3465 /* Info.plist */,
				116EB31724F4333800EE3465 /* RoundedButton.swift */,
			);
			path = QuickChat;
			sourceTree = "<group>";
		};
		116EB31924F44B8600EE3465 /* Controllers */ = {
			isa = PBXGroup;
			children = (
				116EB30524F41BAE00EE3465 /* WelcomeVC.swift */,
				1160251524F44C6700FD079D /* RegisterVC.swift */,
				1160251724F44C7700FD079D /* LoginVC.swift */,
				1160251924F44C8600FD079D /* ChatVC.swift */,
			);
			path = Controllers;
			sourceTree = "<group>";
		};
		116EB31A24F44B8F00EE3465 /* Models */ = {
			isa = PBXGroup;
			children = (
			);
			path = Models;
			sourceTree = "<group>";
		};
		116EB31B24F44B9500EE3465 /* Views */ = {
			isa = PBXGroup;
			children = (
			);
			path = Views;
			sourceTree = "<group>";
		};
		648640FB777DA063AF386525 /* Pods */ = {
			isa = PBXGroup;
			children = (
				4792BA599F44DF617D264BDB /* Pods-QuickChat.debug.xcconfig */,
				240747936C63AE76E75E826A /* Pods-QuickChat.release.xcconfig */,
			);
			name = Pods;
			path = Pods;
			sourceTree = "<group>";
		};
		CD35F3E670B95904BF30485A /* Frameworks */ = {
			isa = PBXGroup;
			children = (
				A3219FB6ED47B8B180698A61 /* Pods_QuickChat.framework */,
			);
			name = Frameworks;
			sourceTree = "<group>";
		};
/* End PBXGroup section */

/* Begin PBXNativeTarget section */
		116EB2FD24F41BAE00EE3465 /* QuickChat */ = {
			isa = PBXNativeTarget;
			buildConfigurationList = 116EB31224F41BB200EE3465 /* Build configuration list for PBXNativeTarget "QuickChat" */;
			buildPhases = (
				3CBD65500CF01A5C254B6E5B /* [CP] Check Pods Manifest.lock */,
				116EB2FA24F41BAE00EE3465 /* Sources */,
				116EB2FB24F41BAE00EE3465 /* Frameworks */,
				116EB2FC24F41BAE00EE3465 /* Resources */,
			);
			buildRules = (
			);
			dependencies = (
			);
			name = QuickChat;
			productName = QuickChat;
			productReference = 116EB2FE24F41BAE00EE3465 /* QuickChat.app */;
			productType = "com.apple.product-type.application";
		};
/* End PBXNativeTarget section */

/* Begin PBXProject section */
		116EB2F624F41BAE00EE3465 /* Project object */ = {
			isa = PBXProject;
			attributes = {
				LastSwiftUpdateCheck = 1160;
				LastUpgradeCheck = 1160;
				ORGANIZATIONNAME = "Alexander Nuzhnyi";
				TargetAttributes = {
					116EB2FD24F41BAE00EE3465 = {
						CreatedOnToolsVersion = 11.6;
					};
				};
			};
			buildConfigurationList = 116EB2F924F41BAE00EE3465 /* Build configuration list for PBXProject "QuickChat" */;
			compatibilityVersion = "Xcode 9.3";
			developmentRegion = en;
			hasScannedForEncodings = 0;
			knownRegions = (
				en,
				Base,
			);
			mainGroup = 116EB2F524F41BAE00EE3465;
			productRefGroup = 116EB2FF24F41BAE00EE3465 /* Products */;
			projectDirPath = "";
			projectRoot = "";
			targets = (
				116EB2FD24F41BAE00EE3465 /* QuickChat */,
			);
		};
/* End PBXProject section */

/* Begin PBXResourcesBuildPhase section */
		116EB2FC24F41BAE00EE3465 /* Resources */ = {
			isa = PBXResourcesBuildPhase;
			buildActionMask = 2147483647;
			files = (
				116EB30E24F41BB200EE3465 /* LaunchScreen.storyboard in Resources */,
				116EB30B24F41BB200EE3465 /* Assets.xcassets in Resources */,
				116EB30924F41BAE00EE3465 /* Main.storyboard in Resources */,
				116EB31624F41DFA00EE3465 /* _fonts in Resources */,
			);
			runOnlyForDeploymentPostprocessing = 0;
		};
/* End PBXResourcesBuildPhase section */

/* Begin PBXShellScriptBuildPhase section */
		3CBD65500CF01A5C254B6E5B /* [CP] Check Pods Manifest.lock */ = {
			isa = PBXShellScriptBuildPhase;
			buildActionMask = 2147483647;
			files = (
			);
			inputFileListPaths = (
			);
			inputPaths = (
				"${PODS_PODFILE_DIR_PATH}/Podfile.lock",
				"${PODS_ROOT}/Manifest.lock",
			);
			name = "[CP] Check Pods Manifest.lock";
			outputFileListPaths = (
			);
			outputPaths = (
				"$(DERIVED_FILE_DIR)/Pods-QuickChat-checkManifestLockResult.txt",
			);
			runOnlyForDeploymentPostprocessing = 0;
			shellPath = /bin/sh;
			shellScript = "diff \"${PODS_PODFILE_DIR_PATH}/Podfile.lock\" \"${PODS_ROOT}/Manifest.lock\" > /dev/null\nif [ $? != 0 ] ; then\n    # print error to STDERR\n    echo \"error: The sandbox is not in sync with the Podfile.lock. Run 'pod install' or update your CocoaPods installation.\" >&2\n    exit 1\nfi\n# This output is used by Xcode 'outputs' to avoid re-running this script phase.\necho \"SUCCESS\" > \"${SCRIPT_OUTPUT_FILE_0}\"\n";
			showEnvVarsInLog = 0;
		};
/* End PBXShellScriptBuildPhase section */

/* Begin PBXSourcesBuildPhase section */
		116EB2FA24F41BAE00EE3465 /* Sources */ = {
			isa = PBXSourcesBuildPhase;
			buildActionMask = 2147483647;
			files = (
				116EB30624F41BAE00EE3465 /* WelcomeVC.swift in Sources */,
				1160251A24F44C8600FD079D /* ChatVC.swift in Sources */,
				116EB30224F41BAE00EE3465 /* AppDelegate.swift in Sources */,
				1160251824F44C7700FD079D /* LoginVC.swift in Sources */,
				116EB30424F41BAE00EE3465 /* SceneDelegate.swift in Sources */,
				116EB31824F4333800EE3465 /* RoundedButton.swift in Sources */,
				1160251624F44C6700FD079D /* RegisterVC.swift in Sources */,
			);
			runOnlyForDeploymentPostprocessing = 0;
		};
/* End PBXSourcesBuildPhase section */

/* Begin PBXVariantGroup section */
		116EB30724F41BAE00EE3465 /* Main.storyboard */ = {
			isa = PBXVariantGroup;
			children = (
				116EB30824F41BAE00EE3465 /* Base */,
			);
			name = Main.storyboard;
			sourceTree = "<group>";
		};
		116EB30C24F41BB200EE3465 /* LaunchScreen.storyboard */ = {
			isa = PBXVariantGroup;
			children = (
				116EB30D24F41BB200EE3465 /* Base */,
			);
			name = LaunchScreen.storyboard;
			sourceTree = "<group>";
		};
/* End PBXVariantGroup section */

/* Begin XCBuildConfiguration section */
		116EB31024F41BB200EE3465 /* Debug */ = {
			isa = XCBuildConfiguration;
			buildSettings = {
				ALWAYS_SEARCH_USER_PATHS = NO;
				CLANG_ANALYZER_NONNULL = YES;
				CLANG_ANALYZER_NUMBER_OBJECT_CONVERSION = YES_AGGRESSIVE;
				CLANG_CXX_LANGUAGE_STANDARD = "gnu++14";
				CLANG_CXX_LIBRARY = "libc++";
				CLANG_ENABLE_MODULES = YES;
				CLANG_ENABLE_OBJC_ARC = YES;
				CLANG_ENABLE_OBJC_WEAK = YES;
				CLANG_WARN_BLOCK_CAPTURE_AUTORELEASING = YES;
				CLANG_WARN_BOOL_CONVERSION = YES;
				CLANG_WARN_COMMA = YES;
				CLANG_WARN_CONSTANT_CONVERSION = YES;
				CLANG_WARN_DEPRECATED_OBJC_IMPLEMENTATIONS = YES;
				CLANG_WARN_DIRECT_OBJC_ISA_USAGE = YES_ERROR;
				CLANG_WARN_DOCUMENTATION_COMMENTS = YES;
				CLANG_WARN_EMPTY_BODY = YES;
				CLANG_WARN_ENUM_CONVERSION = YES;
				CLANG_WARN_INFINITE_RECURSION = YES;
				CLANG_WARN_INT_CONVERSION = YES;
				CLANG_WARN_NON_LITERAL_NULL_CONVERSION = YES;
				CLANG_WARN_OBJC_IMPLICIT_RETAIN_SELF = YES;
				CLANG_WARN_OBJC_LITERAL_CONVERSION = YES;
				CLANG_WARN_OBJC_ROOT_CLASS = YES_ERROR;
				CLANG_WARN_RANGE_LOOP_ANALYSIS = YES;
				CLANG_WARN_STRICT_PROTOTYPES = YES;
				CLANG_WARN_SUSPICIOUS_MOVE = YES;
				CLANG_WARN_UNGUARDED_AVAILABILITY = YES_AGGRESSIVE;
				CLANG_WARN_UNREACHABLE_CODE = YES;
				CLANG_WARN__DUPLICATE_METHOD_MATCH = YES;
				COPY_PHASE_STRIP = NO;
				DEBUG_INFORMATION_FORMAT = dwarf;
				ENABLE_STRICT_OBJC_MSGSEND = YES;
				ENABLE_TESTABILITY = YES;
				GCC_C_LANGUAGE_STANDARD = gnu11;
				GCC_DYNAMIC_NO_PIC = NO;
				GCC_NO_COMMON_BLOCKS = YES;
				GCC_OPTIMIZATION_LEVEL = 0;
				GCC_PREPROCESSOR_DEFINITIONS = (
					"DEBUG=1",
					"$(inherited)",
				);
				GCC_WARN_64_TO_32_BIT_CONVERSION = YES;
				GCC_WARN_ABOUT_RETURN_TYPE = YES_ERROR;
				GCC_WARN_UNDECLARED_SELECTOR = YES;
				GCC_WARN_UNINITIALIZED_AUTOS = YES_AGGRESSIVE;
				GCC_WARN_UNUSED_FUNCTION = YES;
				GCC_WARN_UNUSED_VARIABLE = YES;
				IPHONEOS_DEPLOYMENT_TARGET = 13.6;
				MTL_ENABLE_DEBUG_INFO = INCLUDE_SOURCE;
				MTL_FAST_MATH = YES;
				ONLY_ACTIVE_ARCH = YES;
				SDKROOT = iphoneos;
				SWIFT_ACTIVE_COMPILATION_CONDITIONS = DEBUG;
				SWIFT_OPTIMIZATION_LEVEL = "-Onone";
			};
			name = Debug;
		};
		116EB31124F41BB200EE3465 /* Release */ = {
			isa = XCBuildConfiguration;
			buildSettings = {
				ALWAYS_SEARCH_USER_PATHS = NO;
				CLANG_ANALYZER_NONNULL = YES;
				CLANG_ANALYZER_NUMBER_OBJECT_CONVERSION = YES_AGGRESSIVE;
				CLANG_CXX_LANGUAGE_STANDARD = "gnu++14";
				CLANG_CXX_LIBRARY = "libc++";
				CLANG_ENABLE_MODULES = YES;
				CLANG_ENABLE_OBJC_ARC = YES;
				CLANG_ENABLE_OBJC_WEAK = YES;
				CLANG_WARN_BLOCK_CAPTURE_AUTORELEASING = YES;
				CLANG_WARN_BOOL_CONVERSION = YES;
				CLANG_WARN_COMMA = YES;
				CLANG_WARN_CONSTANT_CONVERSION = YES;
				CLANG_WARN_DEPRECATED_OBJC_IMPLEMENTATIONS = YES;
				CLANG_WARN_DIRECT_OBJC_ISA_USAGE = YES_ERROR;
				CLANG_WARN_DOCUMENTATION_COMMENTS = YES;
				CLANG_WARN_EMPTY_BODY = YES;
				CLANG_WARN_ENUM_CONVERSION = YES;
				CLANG_WARN_INFINITE_RECURSION = YES;
				CLANG_WARN_INT_CONVERSION = YES;
				CLANG_WARN_NON_LITERAL_NULL_CONVERSION = YES;
				CLANG_WARN_OBJC_IMPLICIT_RETAIN_SELF = YES;
				CLANG_WARN_OBJC_LITERAL_CONVERSION = YES;
				CLANG_WARN_OBJC_ROOT_CLASS = YES_ERROR;
				CLANG_WARN_RANGE_LOOP_ANALYSIS = YES;
				CLANG_WARN_STRICT_PROTOTYPES = YES;
				CLANG_WARN_SUSPICIOUS_MOVE = YES;
				CLANG_WARN_UNGUARDED_AVAILABILITY = YES_AGGRESSIVE;
				CLANG_WARN_UNREACHABLE_CODE = YES;
				CLANG_WARN__DUPLICATE_METHOD_MATCH = YES;
				COPY_PHASE_STRIP = NO;
				DEBUG_INFORMATION_FORMAT = "dwarf-with-dsym";
				ENABLE_NS_ASSERTIONS = NO;
				ENABLE_STRICT_OBJC_MSGSEND = YES;
				GCC_C_LANGUAGE_STANDARD = gnu11;
				GCC_NO_COMMON_BLOCKS = YES;
				GCC_WARN_64_TO_32_BIT_CONVERSION = YES;
				GCC_WARN_ABOUT_RETURN_TYPE = YES_ERROR;
				GCC_WARN_UNDECLARED_SELECTOR = YES;
				GCC_WARN_UNINITIALIZED_AUTOS = YES_AGGRESSIVE;
				GCC_WARN_UNUSED_FUNCTION = YES;
				GCC_WARN_UNUSED_VARIABLE = YES;
				IPHONEOS_DEPLOYMENT_TARGET = 13.6;
				MTL_ENABLE_DEBUG_INFO = NO;
				MTL_FAST_MATH = YES;
				SDKROOT = iphoneos;
				SWIFT_COMPILATION_MODE = wholemodule;
				SWIFT_OPTIMIZATION_LEVEL = "-O";
				VALIDATE_PRODUCT = YES;
			};
			name = Release;
		};
		116EB31324F41BB200EE3465 /* Debug */ = {
			isa = XCBuildConfiguration;
			baseConfigurationReference = 4792BA599F44DF617D264BDB /* Pods-QuickChat.debug.xcconfig */;
			buildSettings = {
				ASSETCATALOG_COMPILER_APPICON_NAME = AppIcon;
				CODE_SIGN_STYLE = Automatic;
				DEVELOPMENT_TEAM = ZN234ZPN46;
				INFOPLIST_FILE = QuickChat/Info.plist;
				LD_RUNPATH_SEARCH_PATHS = (
					"$(inherited)",
					"@executable_path/Frameworks",
				);
				PRODUCT_BUNDLE_IDENTIFIER = com.alexnuzhnyi.QuickChat;
				PRODUCT_NAME = "$(TARGET_NAME)";
				SWIFT_VERSION = 5.0;
				TARGETED_DEVICE_FAMILY = "1,2";
			};
			name = Debug;
		};
		116EB31424F41BB200EE3465 /* Release */ = {
			isa = XCBuildConfiguration;
			baseConfigurationReference = 240747936C63AE76E75E826A /* Pods-QuickChat.release.xcconfig */;
			buildSettings = {
				ASSETCATALOG_COMPILER_APPICON_NAME = AppIcon;
				CODE_SIGN_STYLE = Automatic;
				DEVELOPMENT_TEAM = ZN234ZPN46;
				INFOPLIST_FILE = QuickChat/Info.plist;
				LD_RUNPATH_SEARCH_PATHS = (
					"$(inherited)",
					"@executable_path/Frameworks",
				);
				PRODUCT_BUNDLE_IDENTIFIER = com.alexnuzhnyi.QuickChat;
				PRODUCT_NAME = "$(TARGET_NAME)";
				SWIFT_VERSION = 5.0;
				TARGETED_DEVICE_FAMILY = "1,2";
			};
			name = Release;
		};
/* End XCBuildConfiguration section */

/* Begin XCConfigurationList section */
		116EB2F924F41BAE00EE3465 /* Build configuration list for PBXProject "QuickChat" */ = {
			isa = XCConfigurationList;
			buildConfigurations = (
				116EB31024F41BB200EE3465 /* Debug */,
				116EB31124F41BB200EE3465 /* Release */,
			);
			defaultConfigurationIsVisible = 0;
			defaultConfigurationName = Release;
		};
		116EB31224F41BB200EE3465 /* Build configuration list for PBXNativeTarget "QuickChat" */ = {
			isa = XCConfigurationList;
			buildConfigurations = (
				116EB31324F41BB200EE3465 /* Debug */,
				116EB31424F41BB200EE3465 /* Release */,
			);
			defaultConfigurationIsVisible = 0;
			defaultConfigurationName = Release;
		};
/* End XCConfigurationList section */
	};
	rootObject = 116EB2F624F41BAE00EE3465 /* Project object */;
}
